{
  "object": {
    "pins": [
      {
        "package": "ThreadSafe",
        "repositoryURL": "https://github.com/grsouza/swift-threadsafe",
        "state": {
          "branch": null,
          "revision": "cc3cf8063aa6f6725a6c2f832202641127f0b91f",
          "version": "1.0.0"
        }
      }
    ]
  },
  "version": 1
}
